
Microsoft Visual Studio Solution File, Format Version 12.00
# Visual Studio Version 17
VisualStudioVersion = 17.0.32112.339
MinimumVisualStudioVersion = 10.0.40219.1
Project("{9A19103F-16F7-4668-BE54-9A1E7A4F7556}") = "CodeExampleConsole", "CodeExampleConsole\CodeExampleConsole.csproj", "{DC5AB326-8756-435E-90E2-6C9781DD22F8}"
EndProject
Project("{9A19103F-16F7-4668-BE54-9A1E7A4F7556}") = "AsyncAppConsole", "AsyncAppConsole\AsyncAppConsole.csproj", "{DDA52A2E-6119-461D-8B59-4648188DAEA1}"
EndProject
Project("{9A19103F-16F7-4668-BE54-9A1E7A4F7556}") = "Timesheets.Api", "WebApi\Timesheets.Api.csproj", "{D4CEEC75-23D0-4477-B806-1F488E14C91A}"
EndProject
Project("{9A19103F-16F7-4668-BE54-9A1E7A4F7556}") = "Timesheets.BusinessLayer", "Timesheets.BusinessLayer\Timesheets.BusinessLayer.csproj", "{B02B3242-141A-456D-B3D6-9FE6255E2DDA}"
EndProject
Project("{9A19103F-16F7-4668-BE54-9A1E7A4F7556}") = "Timesheets.DataLayer", "Timesheets.DataLayer\Timesheets.DataLayer.csproj", "{FBB01189-8E39-4474-B7FE-6698330F3F38}"
EndProject
Project("{2150E333-8FDC-42A3-9474-1A3956D46DE8}") = "Solution Items", "Solution Items", "{A447FC77-88B5-46AE-9BF2-6A5A270EF624}"
	ProjectSection(SolutionItems) = preProject
		README.md = README.md
	EndProjectSection
EndProject
Global
	GlobalSection(SolutionConfigurationPlatforms) = preSolution
		Debug|Any CPU = Debug|Any CPU
		Release|Any CPU = Release|Any CPU
	EndGlobalSection
	GlobalSection(ProjectConfigurationPlatforms) = postSolution
		{DC5AB326-8756-435E-90E2-6C9781DD22F8}.Debug|Any CPU.ActiveCfg = Debug|Any CPU
		{DC5AB326-8756-435E-90E2-6C9781DD22F8}.Debug|Any CPU.Build.0 = Debug|Any CPU
		{DC5AB326-8756-435E-90E2-6C9781DD22F8}.Release|Any CPU.ActiveCfg = Release|Any CPU
		{DC5AB326-8756-435E-90E2-6C9781DD22F8}.Release|Any CPU.Build.0 = Release|Any CPU
		{DDA52A2E-6119-461D-8B59-4648188DAEA1}.Debug|Any CPU.ActiveCfg = Debug|Any CPU
		{DDA52A2E-6119-461D-8B59-4648188DAEA1}.Debug|Any CPU.Build.0 = Debug|Any CPU
		{DDA52A2E-6119-461D-8B59-4648188DAEA1}.Release|Any CPU.ActiveCfg = Release|Any CPU
		{DDA52A2E-6119-461D-8B59-4648188DAEA1}.Release|Any CPU.Build.0 = Release|Any CPU
		{D4CEEC75-23D0-4477-B806-1F488E14C91A}.Debug|Any CPU.ActiveCfg = Debug|Any CPU
		{D4CEEC75-23D0-4477-B806-1F488E14C91A}.Debug|Any CPU.Build.0 = Debug|Any CPU
		{D4CEEC75-23D0-4477-B806-1F488E14C91A}.Release|Any CPU.ActiveCfg = Release|Any CPU
		{D4CEEC75-23D0-4477-B806-1F488E14C91A}.Release|Any CPU.Build.0 = Release|Any CPU
		{B02B3242-141A-456D-B3D6-9FE6255E2DDA}.Debug|Any CPU.ActiveCfg = Debug|Any CPU
		{B02B3242-141A-456D-B3D6-9FE6255E2DDA}.Debug|Any CPU.Build.0 = Debug|Any CPU
		{B02B3242-141A-456D-B3D6-9FE6255E2DDA}.Release|Any CPU.ActiveCfg = Release|Any CPU
		{B02B3242-141A-456D-B3D6-9FE6255E2DDA}.Release|Any CPU.Build.0 = Release|Any CPU
		{FBB01189-8E39-4474-B7FE-6698330F3F38}.Debug|Any CPU.ActiveCfg = Debug|Any CPU
		{FBB01189-8E39-4474-B7FE-6698330F3F38}.Debug|Any CPU.Build.0 = Debug|Any CPU
		{FBB01189-8E39-4474-B7FE-6698330F3F38}.Release|Any CPU.ActiveCfg = Release|Any CPU
		{FBB01189-8E39-4474-B7FE-6698330F3F38}.Release|Any CPU.Build.0 = Release|Any CPU
	EndGlobalSection
	GlobalSection(SolutionProperties) = preSolution
		HideSolutionNode = FALSE
	EndGlobalSection
	GlobalSection(ExtensibilityGlobals) = postSolution
		SolutionGuid = {DEA83CB0-8822-447B-8EC7-EBE0328C98EC}
	EndGlobalSection
EndGlobal
